<?xml version="1.0" encoding="utf-8"?>
<Project ToolsVersion="4.0" xmlns="http://schemas.microsoft.com/developer/msbuild/2003">
  <ItemGroup>
    <Filter Include="Source Files">
      <UniqueIdentifier>{4FC737F1-C7A5-4376-A066-2A32D752A2FF}</UniqueIdentifier>
      <Extensions>cpp;c;cc;cxx;def;odl;idl;hpj;bat;asm;asmx</Extensions>
    </Filter>
    <Filter Include="Header Files">
      <UniqueIdentifier>{93995380-89BD-4b04-88EB-625FBE52EBFB}</UniqueIdentifier>
      <Extensions>h;hpp;hxx;hm;inl;inc;xsd</Extensions>
    </Filter>
    <Filter Include="Resource Files">
      <UniqueIdentifier>{67DA6AB6-F800-4c08-8B7A-83BB121AAD01}</UniqueIdentifier>
      <Extensions>rc;ico;cur;bmp;dlg;rc2;rct;bin;rgs;gif;jpg;jpeg;jpe;resx;tiff;tif;png;wav;mfcribbon-ms</Extensions>
    </Filter>
    <Filter Include="Header Files\Geometry">
      <UniqueIdentifier>{d33477ed-8069-488b-986b-259be653a1ba}</UniqueIdentifier>
    </Filter>
    <Filter Include="Header Files\Math">
      <UniqueIdentifier>{88f5419e-0d87-4461-9429-f54f9517aaa2}</UniqueIdentifier>
    </Filter>
    <Filter Include="Header Files\Resource Management">
      <UniqueIdentifier>{12590720-bcbe-4857-8de8-fdfb3bd7d479}</UniqueIdentifier>
    </Filter>
    <Filter Include="Header Files\Misc">
      <UniqueIdentifier>{595d78f5-deaf-4e2e-b95f-e5d12957d00c}</UniqueIdentifier>
    </Filter>
    <Filter Include="Source Files\Geometry">
      <UniqueIdentifier>{812ec3ba-fd23-4c46-91a6-01cd6e59314f}</UniqueIdentifier>
    </Filter>
    <Filter Include="Source Files\Math">
      <UniqueIdentifier>{c59c91c0-c7f1-45fa-94a5-746eeabd0387}</UniqueIdentifier>
    </Filter>
    <Filter Include="Source Files\Misc">
      <UniqueIdentifier>{e621f203-f9c8-4787-9597-21b8b8362fcd}</UniqueIdentifier>
    </Filter>
    <Filter Include="Source Files\Resource Management">
      <UniqueIdentifier>{aa1408b9-984e-4f5d-96ae-e5bb54b738eb}</UniqueIdentifier>
    </Filter>
    <Filter Include="Header Files\World">
      <UniqueIdentifier>{110af9c4-b9b6-44dc-aed1-464ba33892e1}</UniqueIdentifier>
    </Filter>
    <Filter Include="Source Files\World">
      <UniqueIdentifier>{c26d399f-2245-45f8-ab9f-22a0b0238583}</UniqueIdentifier>
    </Filter>
  </ItemGroup>
  <ItemGroup>
    <ClCompile Include="main.cpp">
      <Filter>Source Files</Filter>
    </ClCompile>
    <ClCompile Include="AppConfig.cpp">
      <Filter>Source Files\Misc</Filter>
    </ClCompile>
    <ClCompile Include="color.cpp">
      <Filter>Source Files\Misc</Filter>
    </ClCompile>
    <ClCompile Include="GameTime.cpp">
      <Filter>Source Files\Misc</Filter>
    </ClCompile>
    <ClCompile Include="MyApp.cpp">
      <Filter>Source Files\Misc</Filter>
    </ClCompile>
    <ClCompile Include="PerfTimer.cpp">
      <Filter>Source Files\Misc</Filter>
    </ClCompile>
    <ClCompile Include="strutils.cpp">
      <Filter>Source Files\Misc</Filter>
    </ClCompile>
    <ClCompile Include="util.cpp">
      <Filter>Source Files\Misc</Filter>
    </ClCompile>
    <ClCompile Include="float2.cpp">
      <Filter>Source Files\Math</Filter>
    </ClCompile>
    <ClCompile Include="float3.cpp">
      <Filter>Source Files\Math</Filter>
    </ClCompile>
    <ClCompile Include="float4.cpp">
      <Filter>Source Files\Math</Filter>
    </ClCompile>
    <ClCompile Include="Mat44.cpp">
      <Filter>Source Files\Math</Filter>
    </ClCompile>
    <ClCompile Include="Quaternion.cpp">
      <Filter>Source Files\Math</Filter>
    </ClCompile>
    <ClCompile Include="Collision.cpp">
      <Filter>Source Files\Geometry</Filter>
    </ClCompile>
    <ClCompile Include="Mesh.cpp">
      <Filter>Source Files\Geometry</Filter>
    </ClCompile>
    <ClCompile Include="Texture.cpp">
      <Filter>Source Files\Resource Management</Filter>
    </ClCompile>
    <ClCompile Include="ResourceManager.cpp">
      <Filter>Source Files\Resource Management</Filter>
    </ClCompile>
    <ClCompile Include="Shader.cpp">
      <Filter>Source Files\Resource Management</Filter>
    </ClCompile>
    <ClCompile Include="ShaderObject.cpp">
      <Filter>Source Files\Resource Management</Filter>
    </ClCompile>
    <ClCompile Include="World.cpp">
      <Filter>Source Files\World</Filter>
    </ClCompile>
    <ClCompile Include="FizzyWindow.cpp">
      <Filter>Source Files\World</Filter>
    </ClCompile>
    <ClCompile Include="SceneObject.cpp">
      <Filter>Source Files\Geometry</Filter>
    </ClCompile>
  </ItemGroup>
  <ItemGroup>
    <ClInclude Include="Collision.h">
      <Filter>Header Files\Geometry</Filter>
    </ClInclude>
    <ClInclude Include="Circle.h">
      <Filter>Header Files\Geometry</Filter>
    </ClInclude>
    <ClInclude Include="Namable.h">
      <Filter>Header Files\Misc</Filter>
    </ClInclude>
    <ClInclude Include="Mesh.h">
      <Filter>Header Files\Geometry</Filter>
    </ClInclude>
    <ClInclude Include="PerfTimer.h">
      <Filter>Header Files\Misc</Filter>
    </ClInclude>
    <ClInclude Include="float2.h">
      <Filter>Header Files\Math</Filter>
    </ClInclude>
    <ClInclude Include="float4.h">
      <Filter>Header Files\Math</Filter>
    </ClInclude>
    <ClInclude Include="float3.h">
      <Filter>Header Files\Math</Filter>
    </ClInclude>
    <ClInclude Include="float4_sse.h">
      <Filter>Header Files\Math</Filter>
    </ClInclude>
    <ClInclude Include="Quaternion.h">
      <Filter>Header Files\Math</Filter>
    </ClInclude>
    <ClInclude Include="Mat44.h">
      <Filter>Header Files\Math</Filter>
    </ClInclude>
    <ClInclude Include="color.h">
      <Filter>Header Files\Misc</Filter>
    </ClInclude>
    <ClInclude Include="ResourceManager.h">
      <Filter>Header Files\Resource Management</Filter>
    </ClInclude>
    <ClInclude Include="Shader.h">
      <Filter>Header Files\Resource Management</Filter>
    </ClInclude>
    <ClInclude Include="ShaderObject.h">
      <Filter>Header Files\Resource Management</Filter>
    </ClInclude>
    <ClInclude Include="Texture.h">
      <Filter>Header Files\Resource Management</Filter>
    </ClInclude>
    <ClInclude Include="GameResource.h">
      <Filter>Header Files\Resource Management</Filter>
    </ClInclude>
    <ClInclude Include="MyApp.h">
      <Filter>Header Files\Misc</Filter>
    </ClInclude>
    <ClInclude Include="AppConfig.h">
      <Filter>Header Files\Misc</Filter>
    </ClInclude>
    <ClInclude Include="util.h">
      <Filter>Header Files\Misc</Filter>
    </ClInclude>
    <ClInclude Include="strutils.h">
      <Filter>Header Files\Misc</Filter>
    </ClInclude>
    <ClInclude Include="ctypes.h">
      <Filter>Header Files\Misc</Filter>
    </ClInclude>
    <ClInclude Include="RenderTarget.h">
      <Filter>Header Files\Resource Management</Filter>
    </ClInclude>
    <ClInclude Include="Material.h">
      <Filter>Header Files\Geometry</Filter>
    </ClInclude>
    <ClInclude Include="GameTime.h">
      <Filter>Header Files\Misc</Filter>
    </ClInclude>
    <ClInclude Include="Line.h">
      <Filter>Header Files\Geometry</Filter>
    </ClInclude>
    <ClInclude Include="World.h">
      <Filter>Header Files\World</Filter>
    </ClInclude>
    <ClInclude Include="FizzyWindow.h">
      <Filter>Header Files\World</Filter>
    </ClInclude>
    <ClInclude Include="SceneObject.h">
      <Filter>Header Files\Geometry</Filter>
    </ClInclude>
    <ClInclude Include="units.h">
      <Filter>Header Files\Misc</Filter>
    </ClInclude>
  </ItemGroup>
</Project>